
Microsoft Visual Studio Solution File, Format Version 12.00
# Visual Studio Version 17
VisualStudioVersion = 17.8.34511.84
MinimumVisualStudioVersion = 10.0.40219.1
Project("{FAE04EC0-301F-11D3-BF4B-00C04F79EFBC}") = "chatgpt-app", "chatgpt-app\chatgpt-app.csproj", "{707C52E6-A23B-4D1B-ABD6-1FA003BECFC3}"
EndProject
Global
	GlobalSection(SolutionConfigurationPlatforms) = preSolution
		Debug|Any CPU = Debug|Any CPU
		Release|Any CPU = Release|Any CPU
	EndGlobalSection
	GlobalSection(ProjectConfigurationPlatforms) = postSolution
		{707C52E6-A23B-4D1B-ABD6-1FA003BECFC3}.Debug|Any CPU.ActiveCfg = Debug|Any CPU
		{707C52E6-A23B-4D1B-ABD6-1FA003BECFC3}.Debug|Any CPU.Build.0 = Debug|Any CPU
		{707C52E6-A23B-4D1B-ABD6-1FA003BECFC3}.Release|Any CPU.ActiveCfg = Release|Any CPU
		{707C52E6-A23B-4D1B-ABD6-1FA003BECFC3}.Release|Any CPU.Build.0 = Release|Any CPU
	EndGlobalSection
	GlobalSection(SolutionProperties) = preSolution
		HideSolutionNode = FALSE
	EndGlobalSection
	GlobalSection(ExtensibilityGlobals) = postSolution
		SolutionGuid = {AA25CA62-D2DD-430B-B3A2-0F857EACDBEB}
	EndGlobalSection
EndGlobal
